
Microsoft Visual Studio Solution File, Format Version 12.00
# Visual Studio Version 17
VisualStudioVersion = 17.0.31903.59
MinimumVisualStudioVersion = 10.0.40219.1
Project("{2150E333-8FDC-42A3-9474-1A3956D46DE8}") = "src", "src", "{3DE60BDA-DC11-4655-A9ED-5342DCD5577D}"
EndProject
Project("{F2A71F9B-5D33-465A-A702-920D77279786}") = "Generator", "src\Generator\Generator.fsproj", "{0F49A024-9812-48BA-8758-9560824B6BDD}"
EndProject
Project("{2150E333-8FDC-42A3-9474-1A3956D46DE8}") = "tests", "tests", "{42F645A3-CE8D-435E-A671-749CEB739F43}"
EndProject
Project("{F2A71F9B-5D33-465A-A702-920D77279786}") = "Generator.Tests", "tests\Generator.Tests\Generator.Tests.fsproj", "{4A234D75-019C-479E-8E35-17F85A776EF4}"
EndProject
Project("{F2A71F9B-5D33-465A-A702-920D77279786}") = "Signal.CANdy.Core", "src\Signal.CANdy.Core\Signal.CANdy.Core.fsproj", "{5FA4B1F9-EC6B-47FF-84BC-44B9B2225731}"
EndProject
Project("{F2A71F9B-5D33-465A-A702-920D77279786}") = "Signal.CANdy", "src\Signal.CANdy\Signal.CANdy.fsproj", "{E7B40CFD-65C1-41BB-80DE-F77723D6BFCE}"
EndProject
Project("{F2A71F9B-5D33-465A-A702-920D77279786}") = "Signal.CANdy.CLI", "src\Signal.CANdy.CLI\Signal.CANdy.CLI.fsproj", "{2029AC91-E903-43ED-A2E1-53D261747CFA}"
EndProject
Global
	GlobalSection(SolutionConfigurationPlatforms) = preSolution
		Debug|Any CPU = Debug|Any CPU
		Release|Any CPU = Release|Any CPU
	EndGlobalSection
	GlobalSection(SolutionProperties) = preSolution
		HideSolutionNode = FALSE
	EndGlobalSection
	GlobalSection(ProjectConfigurationPlatforms) = postSolution
		{0F49A024-9812-48BA-8758-9560824B6BDD}.Debug|Any CPU.ActiveCfg = Debug|Any CPU
		{0F49A024-9812-48BA-8758-9560824B6BDD}.Debug|Any CPU.Build.0 = Debug|Any CPU
		{0F49A024-9812-48BA-8758-9560824B6BDD}.Release|Any CPU.ActiveCfg = Release|Any CPU
		{0F49A024-9812-48BA-8758-9560824B6BDD}.Release|Any CPU.Build.0 = Release|Any CPU
		{4A234D75-019C-479E-8E35-17F85A776EF4}.Debug|Any CPU.ActiveCfg = Debug|Any CPU
		{4A234D75-019C-479E-8E35-17F85A776EF4}.Debug|Any CPU.Build.0 = Debug|Any CPU
		{4A234D75-019C-479E-8E35-17F85A776EF4}.Release|Any CPU.ActiveCfg = Release|Any CPU
		{4A234D75-019C-479E-8E35-17F85A776EF4}.Release|Any CPU.Build.0 = Release|Any CPU
		{5FA4B1F9-EC6B-47FF-84BC-44B9B2225731}.Debug|Any CPU.ActiveCfg = Debug|Any CPU
		{5FA4B1F9-EC6B-47FF-84BC-44B9B2225731}.Debug|Any CPU.Build.0 = Debug|Any CPU
		{5FA4B1F9-EC6B-47FF-84BC-44B9B2225731}.Release|Any CPU.ActiveCfg = Release|Any CPU
		{5FA4B1F9-EC6B-47FF-84BC-44B9B2225731}.Release|Any CPU.Build.0 = Release|Any CPU
		{E7B40CFD-65C1-41BB-80DE-F77723D6BFCE}.Debug|Any CPU.ActiveCfg = Debug|Any CPU
		{E7B40CFD-65C1-41BB-80DE-F77723D6BFCE}.Debug|Any CPU.Build.0 = Debug|Any CPU
		{E7B40CFD-65C1-41BB-80DE-F77723D6BFCE}.Release|Any CPU.ActiveCfg = Release|Any CPU
		{E7B40CFD-65C1-41BB-80DE-F77723D6BFCE}.Release|Any CPU.Build.0 = Release|Any CPU
		{2029AC91-E903-43ED-A2E1-53D261747CFA}.Debug|Any CPU.ActiveCfg = Debug|Any CPU
		{2029AC91-E903-43ED-A2E1-53D261747CFA}.Debug|Any CPU.Build.0 = Debug|Any CPU
		{2029AC91-E903-43ED-A2E1-53D261747CFA}.Release|Any CPU.ActiveCfg = Release|Any CPU
		{2029AC91-E903-43ED-A2E1-53D261747CFA}.Release|Any CPU.Build.0 = Release|Any CPU
	EndGlobalSection
	GlobalSection(NestedProjects) = preSolution
		{0F49A024-9812-48BA-8758-9560824B6BDD} = {3DE60BDA-DC11-4655-A9ED-5342DCD5577D}
		{4A234D75-019C-479E-8E35-17F85A776EF4} = {42F645A3-CE8D-435E-A671-749CEB739F43}
		{5FA4B1F9-EC6B-47FF-84BC-44B9B2225731} = {3DE60BDA-DC11-4655-A9ED-5342DCD5577D}
		{E7B40CFD-65C1-41BB-80DE-F77723D6BFCE} = {3DE60BDA-DC11-4655-A9ED-5342DCD5577D}
		{2029AC91-E903-43ED-A2E1-53D261747CFA} = {3DE60BDA-DC11-4655-A9ED-5342DCD5577D}
	EndGlobalSection
EndGlobal
